
Microsoft Visual Studio Solution File, Format Version 12.00
# Visual Studio Version 17
VisualStudioVersion = 17.0.31903.59
MinimumVisualStudioVersion = 10.0.40219.1
Project("{FAE04EC0-301F-11D3-BF4B-00C04F79EFBC}") = "CloudWeather.DataLoader", "CloudWeather.DataLoader\CloudWeather.DataLoader.csproj", "{FE96E794-D8CB-48BF-9B0A-33C7681DF34F}"
EndProject
Project("{FAE04EC0-301F-11D3-BF4B-00C04F79EFBC}") = "CloudWeather.Precipitation", "CloudWeather.Precipitation\CloudWeather.Precipitation.csproj", "{1C406198-A5E4-4ECF-AA48-DC68AADE93AC}"
EndProject
Project("{FAE04EC0-301F-11D3-BF4B-00C04F79EFBC}") = "CloudWeather.Report", "CloudWeather.Report\CloudWeather.Report.csproj", "{C0813FBC-7BF4-4D36-859B-92342F114DFB}"
EndProject
Project("{FAE04EC0-301F-11D3-BF4B-00C04F79EFBC}") = "CloudWeather.Temperature", "CloudWeather.Temperature\CloudWeather.Temperature.csproj", "{05DB88E3-6E54-45C8-A169-DC390637C539}"
EndProject
Global
	GlobalSection(SolutionConfigurationPlatforms) = preSolution
		Debug|Any CPU = Debug|Any CPU
		Release|Any CPU = Release|Any CPU
	EndGlobalSection
	GlobalSection(SolutionProperties) = preSolution
		HideSolutionNode = FALSE
	EndGlobalSection
	GlobalSection(ProjectConfigurationPlatforms) = postSolution
		{FE96E794-D8CB-48BF-9B0A-33C7681DF34F}.Debug|Any CPU.ActiveCfg = Debug|Any CPU
		{FE96E794-D8CB-48BF-9B0A-33C7681DF34F}.Debug|Any CPU.Build.0 = Debug|Any CPU
		{FE96E794-D8CB-48BF-9B0A-33C7681DF34F}.Release|Any CPU.ActiveCfg = Release|Any CPU
		{FE96E794-D8CB-48BF-9B0A-33C7681DF34F}.Release|Any CPU.Build.0 = Release|Any CPU
		{1C406198-A5E4-4ECF-AA48-DC68AADE93AC}.Debug|Any CPU.ActiveCfg = Debug|Any CPU
		{1C406198-A5E4-4ECF-AA48-DC68AADE93AC}.Debug|Any CPU.Build.0 = Debug|Any CPU
		{1C406198-A5E4-4ECF-AA48-DC68AADE93AC}.Release|Any CPU.ActiveCfg = Release|Any CPU
		{1C406198-A5E4-4ECF-AA48-DC68AADE93AC}.Release|Any CPU.Build.0 = Release|Any CPU
		{C0813FBC-7BF4-4D36-859B-92342F114DFB}.Debug|Any CPU.ActiveCfg = Debug|Any CPU
		{C0813FBC-7BF4-4D36-859B-92342F114DFB}.Debug|Any CPU.Build.0 = Debug|Any CPU
		{C0813FBC-7BF4-4D36-859B-92342F114DFB}.Release|Any CPU.ActiveCfg = Release|Any CPU
		{C0813FBC-7BF4-4D36-859B-92342F114DFB}.Release|Any CPU.Build.0 = Release|Any CPU
		{05DB88E3-6E54-45C8-A169-DC390637C539}.Debug|Any CPU.ActiveCfg = Debug|Any CPU
		{05DB88E3-6E54-45C8-A169-DC390637C539}.Debug|Any CPU.Build.0 = Debug|Any CPU
		{05DB88E3-6E54-45C8-A169-DC390637C539}.Release|Any CPU.ActiveCfg = Release|Any CPU
		{05DB88E3-6E54-45C8-A169-DC390637C539}.Release|Any CPU.Build.0 = Release|Any CPU
	EndGlobalSection
EndGlobal
